
Microsoft Visual Studio Solution File, Format Version 12.00
# Visual Studio Version 16
VisualStudioVersion = 16.0.34601.136
MinimumVisualStudioVersion = 10.0.40219.1
Project("{FAE04EC0-301F-11D3-BF4B-00C04F79EFBC}") = "3-4", "3-4\3-4.csproj", "{0EB98E6B-7B76-43F6-8710-1ADA3BED8092}"
EndProject
Global
	GlobalSection(SolutionConfigurationPlatforms) = preSolution
		Debug|Any CPU = Debug|Any CPU
		Release|Any CPU = Release|Any CPU
	EndGlobalSection
	GlobalSection(ProjectConfigurationPlatforms) = postSolution
		{0EB98E6B-7B76-43F6-8710-1ADA3BED8092}.Debug|Any CPU.ActiveCfg = Debug|Any CPU
		{0EB98E6B-7B76-43F6-8710-1ADA3BED8092}.Debug|Any CPU.Build.0 = Debug|Any CPU
		{0EB98E6B-7B76-43F6-8710-1ADA3BED8092}.Release|Any CPU.ActiveCfg = Release|Any CPU
		{0EB98E6B-7B76-43F6-8710-1ADA3BED8092}.Release|Any CPU.Build.0 = Release|Any CPU
	EndGlobalSection
	GlobalSection(SolutionProperties) = preSolution
		HideSolutionNode = FALSE
	EndGlobalSection
	GlobalSection(ExtensibilityGlobals) = postSolution
		SolutionGuid = {842E2690-DBE2-4B67-AC3E-914411A2A161}
	EndGlobalSection
EndGlobal
